
Microsoft Visual Studio Solution File, Format Version 11.00
# Visual Studio 2010
Project("{8BC9CEB8-8B4A-11D0-8D11-00A0C91BC942}") = "Metaprog", "Metaprog\Metaprog.vcxproj", "{75F4145C-DC3D-4293-9A48-50FFF80C6017}"
EndProject
Global
	GlobalSection(SolutionConfigurationPlatforms) = preSolution
		Debug|Win32 = Debug|Win32
		Release|Win32 = Release|Win32
	EndGlobalSection
	GlobalSection(ProjectConfigurationPlatforms) = postSolution
		{75F4145C-DC3D-4293-9A48-50FFF80C6017}.Debug|Win32.ActiveCfg = Debug|Win32
		{75F4145C-DC3D-4293-9A48-50FFF80C6017}.Debug|Win32.Build.0 = Debug|Win32
		{75F4145C-DC3D-4293-9A48-50FFF80C6017}.Release|Win32.ActiveCfg = Release|Win32
		{75F4145C-DC3D-4293-9A48-50FFF80C6017}.Release|Win32.Build.0 = Release|Win32
	EndGlobalSection
	GlobalSection(SolutionProperties) = preSolution
		HideSolutionNode = FALSE
	EndGlobalSection
EndGlobal
